
Microsoft Visual Studio Solution File, Format Version 12.00
# Visual Studio Version 17
VisualStudioVersion = 17.5.002.0
MinimumVisualStudioVersion = 10.0.40219.1
Project("{9A19103F-16F7-4668-BE54-9A1E7A4F7556}") = "Calculator", "Calculator.csproj", "{81AD032D-F338-4D7A-9F1C-2D1525D14619}"
EndProject
Global
	GlobalSection(SolutionConfigurationPlatforms) = preSolution
		Debug|Any CPU = Debug|Any CPU
		Release|Any CPU = Release|Any CPU
	EndGlobalSection
	GlobalSection(ProjectConfigurationPlatforms) = postSolution
		{81AD032D-F338-4D7A-9F1C-2D1525D14619}.Debug|Any CPU.ActiveCfg = Debug|Any CPU
		{81AD032D-F338-4D7A-9F1C-2D1525D14619}.Debug|Any CPU.Build.0 = Debug|Any CPU
		{81AD032D-F338-4D7A-9F1C-2D1525D14619}.Release|Any CPU.ActiveCfg = Release|Any CPU
		{81AD032D-F338-4D7A-9F1C-2D1525D14619}.Release|Any CPU.Build.0 = Release|Any CPU
	EndGlobalSection
	GlobalSection(SolutionProperties) = preSolution
		HideSolutionNode = FALSE
	EndGlobalSection
	GlobalSection(ExtensibilityGlobals) = postSolution
		SolutionGuid = {F5D91EAF-4743-44F3-A67E-02F1F2BB8519}
	EndGlobalSection
EndGlobal
